
Microsoft Visual Studio Solution File, Format Version 12.00
# Visual Studio Version 16
VisualStudioVersion = 16.0.29806.167
MinimumVisualStudioVersion = 10.0.40219.1
Project("{FAE04EC0-301F-11D3-BF4B-00C04F79EFBC}") = "zoo", "zoo\zoo.csproj", "{88BC23C8-388A-4137-B58A-2EB0C2C77AFE}"
EndProject
Project("{2150E333-8FDC-42A3-9474-1A3956D46DE8}") = "Solution Items", "Solution Items", "{C75DA356-D3F5-4B18-A0B5-0CFA9320635D}"
	ProjectSection(SolutionItems) = preProject
		.gitignore = .gitignore
	EndProjectSection
EndProject
Global
	GlobalSection(SolutionConfigurationPlatforms) = preSolution
		Debug|Any CPU = Debug|Any CPU
		Release|Any CPU = Release|Any CPU
	EndGlobalSection
	GlobalSection(ProjectConfigurationPlatforms) = postSolution
		{88BC23C8-388A-4137-B58A-2EB0C2C77AFE}.Debug|Any CPU.ActiveCfg = Debug|Any CPU
		{88BC23C8-388A-4137-B58A-2EB0C2C77AFE}.Debug|Any CPU.Build.0 = Debug|Any CPU
		{88BC23C8-388A-4137-B58A-2EB0C2C77AFE}.Release|Any CPU.ActiveCfg = Release|Any CPU
		{88BC23C8-388A-4137-B58A-2EB0C2C77AFE}.Release|Any CPU.Build.0 = Release|Any CPU
	EndGlobalSection
	GlobalSection(SolutionProperties) = preSolution
		HideSolutionNode = FALSE
	EndGlobalSection
	GlobalSection(ExtensibilityGlobals) = postSolution
		SolutionGuid = {133E14D8-7920-4BE7-8B2F-26F4B95CB8FF}
	EndGlobalSection
EndGlobal
